[[package]]
name = "black"
version = "22.8.0"
description = "The uncompromising code formatter."
category = "dev"
optional = false
python-versions = ">=3.6.2"

[package.extras]
colorama = ["colorama (>=0.4.3)"]
d = ["aiohttp (>=3.7.4)"]
jupyter = ["ipython (>=7.8.0)", "tokenize-rt (>=3.2.0)"]
uvloop = ["uvloop (>=0.15.2)"]

[package.dependencies]
click = ">=8.0.0"
mypy-extensions = ">=0.4.3"
pathspec = ">=0.9.0"
platformdirs = ">=2"

[package.dependencies.tomli]
version = ">=1.1.0"
python = "<3.11.0a7"

[package.dependencies.typing-extensions]
version = ">=3.10.0.0"
python = "<3.10"

[[package]]
name = "click"
version = "8.1.3"
description = "Composable command line interface toolkit"
category = "dev"
optional = false
python-versions = ">=3.7"

[package.dependencies]
colorama = "*"

[[package]]
name = "cloudpickle"
version = "2.2.0"
description = "Extended pickling support for Python objects"
category = "main"
optional = false
python-versions = ">=3.6"

[[package]]
name = "colorama"
version = "0.4.5"
description = "Cross-platform colored terminal text."
category = "main"
optional = false
python-versions = ">=2.7, !=3.0.*, !=3.1.*, !=3.2.*, !=3.3.*, !=3.4.*"
marker = "platform_system == \"Windows\""

[[package]]
name = "cycler"
version = "0.11.0"
description = "Composable style cycles"
category = "main"
optional = false
python-versions = ">=3.6"

[[package]]
name = "fonttools"
version = "4.37.2"
description = "Tools to manipulate font files"
category = "main"
optional = false
python-versions = ">=3.7"

[package.extras]
all = ["fs (>=2.2.0,<3)", "lxml (>=4.0,<5)", "zopfli (>=0.1.4)", "lz4 (>=1.7.4.2)", "matplotlib", "sympy", "skia-pathops (>=0.5.0)", "uharfbuzz (>=0.23.0)", "brotlicffi (>=0.8.0)", "scipy", "brotli (>=1.0.1)", "munkres", "unicodedata2 (>=14.0.0)", "xattr"]
graphite = ["lz4 (>=1.7.4.2)"]
interpolatable = ["scipy", "munkres"]
lxml = ["lxml (>=4.0,<5)"]
pathops = ["skia-pathops (>=0.5.0)"]
plot = ["matplotlib"]
repacker = ["uharfbuzz (>=0.23.0)"]
symfont = ["sympy"]
type1 = ["xattr"]
ufo = ["fs (>=2.2.0,<3)"]
unicode = ["unicodedata2 (>=14.0.0)"]
woff = ["zopfli (>=0.1.4)", "brotlicffi (>=0.8.0)", "brotli (>=1.0.1)"]

[[package]]
name = "gym"
version = "0.21.0"
description = "Gym: A universal API for reinforcement learning environments."
category = "main"
optional = false
python-versions = ">=3.6"

[package.extras]
accept-rom-license = ["autorom (>=0.4.2,<0.5.0)"]
all = ["mujoco_py (>=1.50,<2.0)", "lz4 (>=3.1.0)", "opencv-python (>=3)", "ale-py (>=0.7.1,<0.8.0)", "pyglet (>=1.4.0)", "scipy (>=1.4.1)", "box2d-py (2.3.5)", "pyglet (>=1.4.0)", "ale-py (>=0.7.1,<0.8.0)", "lz4 (>=3.1.0)", "opencv-python (>=3)", "pyglet (>=1.4.0)", "box2d-py (2.3.5)", "pyglet (>=1.4.0)", "scipy (>=1.4.1)", "mujoco_py (>=1.50,<2.0)"]
atari = ["ale-py (>=0.7.1,<0.8.0)"]
box2d = ["box2d-py (2.3.5)", "pyglet (>=1.4.0)"]
classic_control = ["pyglet (>=1.4.0)"]
mujoco = ["mujoco_py (>=1.50,<2.0)"]
nomujoco = ["lz4 (>=3.1.0)", "opencv-python (>=3)", "ale-py (>=0.7.1,<0.8.0)", "pyglet (>=1.4.0)", "scipy (>=1.4.1)", "box2d-py (2.3.5)", "pyglet (>=1.4.0)"]
other = ["lz4 (>=3.1.0)", "opencv-python (>=3)"]
robotics = ["mujoco_py (>=1.50,<2.0)"]
toy_text = ["scipy (>=1.4.1)"]

[package.dependencies]
cloudpickle = ">=1.2.0"
numpy = ">=1.18.0"

[[package]]
name = "kiwisolver"
version = "1.4.4"
description = "A fast implementation of the Cassowary constraint solver"
category = "main"
optional = false
python-versions = ">=3.7"

[[package]]
name = "matplotlib"
version = "3.5.1"
description = "Python plotting package"
category = "main"
optional = false
python-versions = ">=3.7"

[package.dependencies]
cycler = ">=0.10"
fonttools = ">=4.22.0"
kiwisolver = ">=1.0.1"
numpy = ">=1.17"
packaging = ">=20.0"
pillow = ">=6.2.0"
pyparsing = ">=2.2.1"
python-dateutil = ">=2.7"
setuptools_scm = ">=4"

[[package]]
name = "mypy-extensions"
version = "0.4.3"
description = "Experimental type system extensions for programs checked with the mypy typechecker."
category = "dev"
optional = false
python-versions = "*"

[[package]]
name = "numpy"
version = "1.22.2"
description = "NumPy is the fundamental package for array computing with Python."
category = "main"
optional = false
python-versions = ">=3.8"

[[package]]
name = "packaging"
version = "21.3"
description = "Core utilities for Python packages"
category = "main"
optional = false
python-versions = ">=3.6"

[package.dependencies]
pyparsing = ">=2.0.2,<3.0.5 || >3.0.5"

[[package]]
name = "pandas"
version = "1.5.0"
description = "Powerful data structures for data analysis, time series, and statistics"
category = "main"
optional = false
python-versions = ">=3.8"

[package.extras]
test = ["pytest-xdist (>=1.31)", "pytest (>=6.0)", "hypothesis (>=5.5.3)"]

[package.dependencies]
python-dateutil = ">=2.8.1"
pytz = ">=2020.1"
[[package.dependencies.numpy]]
version = ">=1.21.0"
python = ">=3.10"

[[package.dependencies.numpy]]
version = ">=1.20.3"
python = "<3.10"

[[package]]
name = "pathspec"
version = "0.10.1"
description = "Utility library for gitignore style pattern matching of file paths."
category = "dev"
optional = false
python-versions = ">=3.7"

[[package]]
name = "pillow"
version = "9.2.0"
description = "Python Imaging Library (Fork)"
category = "main"
optional = false
python-versions = ">=3.7"

[package.extras]
docs = ["furo", "olefile", "sphinx (>=2.4)", "sphinx-copybutton", "sphinx-issues (>=3.0.1)", "sphinx-removed-in", "sphinxext-opengraph"]
tests = ["check-manifest", "coverage", "defusedxml", "markdown2", "olefile", "packaging", "pyroma", "pytest", "pytest-cov", "pytest-timeout"]

[[package]]
name = "platformdirs"
version = "2.5.2"
description = "A small Python module for determining appropriate platform-specific dirs, e.g. a \"user data dir\"."
category = "dev"
optional = false
python-versions = ">=3.7"

[package.extras]
docs = ["furo (>=2021.7.5b38)", "proselint (>=0.10.2)", "sphinx-autodoc-typehints (>=1.12)", "sphinx (>=4)"]
test = ["appdirs (1.4.4)", "pytest-cov (>=2.7)", "pytest-mock (>=3.6)", "pytest (>=6)"]

[[package]]
name = "pyparsing"
version = "3.0.9"
description = "pyparsing module - Classes and methods to define and execute parsing grammars"
category = "main"
optional = false
python-versions = ">=3.6.8"

[package.extras]
diagrams = ["railroad-diagrams", "jinja2"]

[[package]]
name = "python-dateutil"
version = "2.8.2"
description = "Extensions to the standard Python datetime module"
category = "main"
optional = false
python-versions = "!=3.0.*,!=3.1.*,!=3.2.*,>=2.7"

[package.dependencies]
six = ">=1.5"

[[package]]
name = "pytz"
version = "2022.2.1"
description = "World timezone definitions, modern and historical"
category = "main"
optional = false
python-versions = "*"

[[package]]
name = "setuptools-scm"
version = "7.0.5"
description = "the blessed package to manage your versions by scm tags"
category = "main"
optional = false
python-versions = ">=3.7"

[package.extras]
test = ["pytest (>=6.2)", "virtualenv (>20)"]
toml = ["setuptools (>=42)"]

[package.dependencies]
packaging = ">=20.0"
setuptools = "*"
tomli = ">=1.0.0"
typing-extensions = "*"

[[package]]
name = "six"
version = "1.16.0"
description = "Python 2 and 3 compatibility utilities"
category = "main"
optional = false
python-versions = ">=2.7, !=3.0.*, !=3.1.*, !=3.2.*"

[[package]]
name = "stable-baselines3"
version = "1.6.0"
description = "Pytorch version of Stable Baselines, implementations of reinforcement learning algorithms."
category = "main"
optional = false
python-versions = ">=3.7"

[package.extras]
tests = ["scipy (>=1.4.1)", "black", "isort (>=5.0)", "flake8-bugbear", "flake8 (>=3.8)", "pytype", "pytest-xdist", "pytest-env", "pytest-cov", "pytest"]
extra = ["psutil", "protobuf (>=3.19.0,<3.20.0)", "tensorboard (>=2.2.0)", "pillow", "autorom (>=0.4.2,<0.5.0)", "ale-py (0.7.4)", "opencv-python"]
docs = ["sphinx-copybutton", "sphinx-autodoc-typehints", "sphinxcontrib.spelling", "sphinx-rtd-theme", "sphinx-autobuild", "sphinx"]

[package.dependencies]
cloudpickle = "*"
gym = "0.21"
matplotlib = "*"
numpy = "*"
pandas = "*"
torch = ">=1.11"

[[package]]
name = "tomli"
version = "2.0.1"
description = "A lil' TOML parser"
category = "main"
optional = false
python-versions = ">=3.7"

[[package]]
name = "torch"
version = "1.12.1"
description = "Tensors and Dynamic neural networks in Python with strong GPU acceleration"
category = "main"
optional = false
python-versions = ">=3.7.0"

[package.dependencies]
typing-extensions = "*"

[[package]]
name = "tqdm"
version = "4.64.1"
description = "Fast, Extensible Progress Meter"
category = "main"
optional = false
python-versions = "!=3.0.*,!=3.1.*,!=3.2.*,!=3.3.*,>=2.7"

[package.extras]
dev = ["py-make (>=0.1.0)", "twine", "wheel"]
notebook = ["ipywidgets (>=6)"]
slack = ["slack-sdk"]
telegram = ["requests"]

[package.dependencies]
colorama = "*"

[[package]]
name = "typing-extensions"
version = "4.3.0"
description = "Backported and Experimental Type Hints for Python 3.7+"
category = "main"
optional = false
python-versions = ">=3.7"

[metadata]
lock-version = "1.0"
python-versions = "^3.9, <4.0"
content-hash = "5727a7e15ca6cbde290137b1348502536554aa12111c5f37f1b398d2666668fe"

[metadata.files]
black = []
click = []
cloudpickle = []
colorama = []
cycler = []
fonttools = []
gym = []
kiwisolver = []
matplotlib = []
mypy-extensions = []
numpy = []
packaging = []
pandas = []
pathspec = []
pillow = []
platformdirs = []
pyparsing = []
python-dateutil = []
pytz = []
setuptools-scm = []
six = []
stable-baselines3 = []
tomli = []
torch = []
tqdm = []
typing-extensions = []
