[[package]]
name = "black"
version = "22.6.0"
description = "The uncompromising code formatter."
category = "dev"
optional = false
python-versions = ">=3.6.2"

[package.dependencies]
click = ">=8.0.0"
mypy-extensions = ">=0.4.3"
pathspec = ">=0.9.0"
platformdirs = ">=2"
tomli = {version = ">=1.1.0", markers = "python_full_version < \"3.11.0a7\""}
typing-extensions = {version = ">=3.10.0.0", markers = "python_version < \"3.10\""}

[package.extras]
colorama = ["colorama (>=0.4.3)"]
d = ["aiohttp (>=3.7.4)"]
jupyter = ["ipython (>=7.8.0)", "tokenize-rt (>=3.2.0)"]
uvloop = ["uvloop (>=0.15.2)"]

[[package]]
name = "click"
version = "8.1.3"
description = "Composable command line interface toolkit"
category = "dev"
optional = false
python-versions = ">=3.7"

[package.dependencies]
colorama = {version = "*", markers = "platform_system == \"Windows\""}

[[package]]
name = "colorama"
version = "0.4.5"
description = "Cross-platform colored terminal text."
category = "main"
optional = false
python-versions = ">=2.7, !=3.0.*, !=3.1.*, !=3.2.*, !=3.3.*, !=3.4.*"

[[package]]
name = "cycler"
version = "0.11.0"
description = "Composable style cycles"
category = "main"
optional = false
python-versions = ">=3.6"

[[package]]
name = "fonttools"
version = "4.34.0"
description = "Tools to manipulate font files"
category = "main"
optional = false
python-versions = ">=3.7"

[package.extras]
all = ["fs (>=2.2.0,<3)", "lxml (>=4.0,<5)", "zopfli (>=0.1.4)", "lz4 (>=1.7.4.2)", "matplotlib", "sympy", "skia-pathops (>=0.5.0)", "uharfbuzz (>=0.23.0)", "brotlicffi (>=0.8.0)", "scipy", "brotli (>=1.0.1)", "munkres", "unicodedata2 (>=14.0.0)", "xattr"]
graphite = ["lz4 (>=1.7.4.2)"]
interpolatable = ["scipy", "munkres"]
lxml = ["lxml (>=4.0,<5)"]
pathops = ["skia-pathops (>=0.5.0)"]
plot = ["matplotlib"]
repacker = ["uharfbuzz (>=0.23.0)"]
symfont = ["sympy"]
type1 = ["xattr"]
ufo = ["fs (>=2.2.0,<3)"]
unicode = ["unicodedata2 (>=14.0.0)"]
woff = ["zopfli (>=0.1.4)", "brotlicffi (>=0.8.0)", "brotli (>=1.0.1)"]

[[package]]
name = "kiwisolver"
version = "1.4.3"
description = "A fast implementation of the Cassowary constraint solver"
category = "main"
optional = false
python-versions = ">=3.7"

[[package]]
name = "matplotlib"
version = "3.5.1"
description = "Python plotting package"
category = "main"
optional = false
python-versions = ">=3.7"

[package.dependencies]
cycler = ">=0.10"
fonttools = ">=4.22.0"
kiwisolver = ">=1.0.1"
numpy = ">=1.17"
packaging = ">=20.0"
pillow = ">=6.2.0"
pyparsing = ">=2.2.1"
python-dateutil = ">=2.7"
setuptools_scm = ">=4"

[[package]]
name = "mypy-extensions"
version = "0.4.3"
description = "Experimental type system extensions for programs checked with the mypy typechecker."
category = "dev"
optional = false
python-versions = "*"

[[package]]
name = "numpy"
version = "1.22.2"
description = "NumPy is the fundamental package for array computing with Python."
category = "main"
optional = false
python-versions = ">=3.8"

[[package]]
name = "packaging"
version = "21.3"
description = "Core utilities for Python packages"
category = "main"
optional = false
python-versions = ">=3.6"

[package.dependencies]
pyparsing = ">=2.0.2,<3.0.5 || >3.0.5"

[[package]]
name = "pathspec"
version = "0.9.0"
description = "Utility library for gitignore style pattern matching of file paths."
category = "dev"
optional = false
python-versions = "!=3.0.*,!=3.1.*,!=3.2.*,!=3.3.*,!=3.4.*,>=2.7"

[[package]]
name = "pillow"
version = "9.2.0"
description = "Python Imaging Library (Fork)"
category = "main"
optional = false
python-versions = ">=3.7"

[package.extras]
docs = ["furo", "olefile", "sphinx (>=2.4)", "sphinx-copybutton", "sphinx-issues (>=3.0.1)", "sphinx-removed-in", "sphinxext-opengraph"]
tests = ["check-manifest", "coverage", "defusedxml", "markdown2", "olefile", "packaging", "pyroma", "pytest", "pytest-cov", "pytest-timeout"]

[[package]]
name = "platformdirs"
version = "2.5.2"
description = "A small Python module for determining appropriate platform-specific dirs, e.g. a \"user data dir\"."
category = "dev"
optional = false
python-versions = ">=3.7"

[package.extras]
docs = ["furo (>=2021.7.5b38)", "proselint (>=0.10.2)", "sphinx-autodoc-typehints (>=1.12)", "sphinx (>=4)"]
test = ["appdirs (==1.4.4)", "pytest-cov (>=2.7)", "pytest-mock (>=3.6)", "pytest (>=6)"]

[[package]]
name = "pyparsing"
version = "3.0.9"
description = "pyparsing module - Classes and methods to define and execute parsing grammars"
category = "main"
optional = false
python-versions = ">=3.6.8"

[package.extras]
diagrams = ["railroad-diagrams", "jinja2"]

[[package]]
name = "python-dateutil"
version = "2.8.2"
description = "Extensions to the standard Python datetime module"
category = "main"
optional = false
python-versions = "!=3.0.*,!=3.1.*,!=3.2.*,>=2.7"

[package.dependencies]
six = ">=1.5"

[[package]]
name = "setuptools-scm"
version = "7.0.4"
description = "the blessed package to manage your versions by scm tags"
category = "main"
optional = false
python-versions = ">=3.7"

[package.dependencies]
packaging = ">=20.0"
tomli = ">=1.0.0"
typing-extensions = "*"

[package.extras]
test = ["pytest (>=6.2)", "virtualenv (>20)"]
toml = ["setuptools (>=42)"]

[[package]]
name = "six"
version = "1.16.0"
description = "Python 2 and 3 compatibility utilities"
category = "main"
optional = false
python-versions = ">=2.7, !=3.0.*, !=3.1.*, !=3.2.*"

[[package]]
name = "tomli"
version = "2.0.1"
description = "A lil' TOML parser"
category = "main"
optional = false
python-versions = ">=3.7"

[[package]]
name = "tqdm"
version = "4.64.0"
description = "Fast, Extensible Progress Meter"
category = "main"
optional = false
python-versions = "!=3.0.*,!=3.1.*,!=3.2.*,!=3.3.*,>=2.7"

[package.dependencies]
colorama = {version = "*", markers = "platform_system == \"Windows\""}

[package.extras]
dev = ["py-make (>=0.1.0)", "twine", "wheel"]
notebook = ["ipywidgets (>=6)"]
slack = ["slack-sdk"]
telegram = ["requests"]

[[package]]
name = "typing-extensions"
version = "4.3.0"
description = "Backported and Experimental Type Hints for Python 3.7+"
category = "main"
optional = false
python-versions = ">=3.7"

[metadata]
lock-version = "1.1"
python-versions = "^3.9, <4.0"
content-hash = "1d2d93920438ff26d5f7d2489c216b0e8eecfe4af9bb063d117a3ff5a8c5ddf7"

[metadata.files]
black = []
click = [
    {file = "click-8.1.3-py3-none-any.whl", hash = "sha256:bb4d8133cb15a609f44e8213d9b391b0809795062913b383c62be0ee95b1db48"},
    {file = "click-8.1.3.tar.gz", hash = "sha256:7682dc8afb30297001674575ea00d1814d808d6a36af415a82bd481d37ba7b8e"},
]
colorama = [
    {file = "colorama-0.4.5-py2.py3-none-any.whl", hash = "sha256:854bf444933e37f5824ae7bfc1e98d5bce2ebe4160d46b5edf346a89358e99da"},
    {file = "colorama-0.4.5.tar.gz", hash = "sha256:e6c6b4334fc50988a639d9b98aa429a0b57da6e17b9a44f0451f930b6967b7a4"},
]
cycler = [
    {file = "cycler-0.11.0-py3-none-any.whl", hash = "sha256:3a27e95f763a428a739d2add979fa7494c912a32c17c4c38c4d5f082cad165a3"},
    {file = "cycler-0.11.0.tar.gz", hash = "sha256:9c87405839a19696e837b3b818fed3f5f69f16f1eec1a1ad77e043dcea9c772f"},
]
fonttools = []
kiwisolver = [
    {file = "kiwisolver-1.4.3-cp310-cp310-macosx_10_9_universal2.whl", hash = "sha256:fd2842a0faed9ab9aba0922c951906132d9384be89690570f0ed18cd4f20e658"},
    {file = "kiwisolver-1.4.3-cp310-cp310-macosx_10_9_x86_64.whl", hash = "sha256:caa59e2cae0e23b1e225447d7a9ddb0f982f42a6a22d497a484dfe62a06f7c0e"},
    {file = "kiwisolver-1.4.3-cp310-cp310-macosx_11_0_arm64.whl", hash = "sha256:1d2c744aeedce22c122bb42d176b4aa6d063202a05a4abdacb3e413c214b3694"},
    {file = "kiwisolver-1.4.3-cp310-cp310-manylinux_2_12_i686.manylinux2010_i686.whl", hash = "sha256:afe173ac2646c2636305ab820cc0380b22a00a7bca4290452e7166b4f4fa49d0"},
    {file = "kiwisolver-1.4.3-cp310-cp310-manylinux_2_12_x86_64.manylinux2010_x86_64.whl", hash = "sha256:40240da438c0ebfe2aa76dd04b844effac6679423df61adbe3437d32f23468d9"},
    {file = "kiwisolver-1.4.3-cp310-cp310-manylinux_2_17_aarch64.manylinux2014_aarch64.whl", hash = "sha256:21a3a98f0a21fc602663ca9bce2b12a4114891bdeba2dea1e9ad84db59892fca"},
    {file = "kiwisolver-1.4.3-cp310-cp310-manylinux_2_17_ppc64le.manylinux2014_ppc64le.whl", hash = "sha256:51078855a16b7a4984ed2067b54e35803d18bca9861cb60c60f6234b50869a56"},
    {file = "kiwisolver-1.4.3-cp310-cp310-manylinux_2_17_s390x.manylinux2014_s390x.whl", hash = "sha256:c16635f8dddbeb1b827977d0b00d07b644b040aeb9ff8607a9fc0997afa3e567"},
    {file = "kiwisolver-1.4.3-cp310-cp310-win32.whl", hash = "sha256:2d76780d9c65c7529cedd49fa4802d713e60798d8dc3b0d5b12a0a8f38cca51c"},
    {file = "kiwisolver-1.4.3-cp310-cp310-win_amd64.whl", hash = "sha256:3a297d77b3d6979693f5948df02b89431ae3645ec95865e351fb45578031bdae"},
    {file = "kiwisolver-1.4.3-cp37-cp37m-macosx_10_9_x86_64.whl", hash = "sha256:ca3eefb02ef17257fae8b8555c85e7c1efdfd777f671384b0e4ef27409b02720"},
    {file = "kiwisolver-1.4.3-cp37-cp37m-manylinux_2_17_aarch64.manylinux2014_aarch64.whl", hash = "sha256:d248c46c0aa406695bda2abf99632db991f8b3a6d46018721a2892312a99f069"},
    {file = "kiwisolver-1.4.3-cp37-cp37m-manylinux_2_17_ppc64le.manylinux2014_ppc64le.whl", hash = "sha256:cb55258931448d61e2d50187de4ee66fc9d9f34908b524949b8b2b93d0c57136"},
    {file = "kiwisolver-1.4.3-cp37-cp37m-manylinux_2_17_s390x.manylinux2014_s390x.whl", hash = "sha256:86bcf0009f2012847a688f2f4f9b16203ca4c835979a02549aa0595d9f457cc8"},
    {file = "kiwisolver-1.4.3-cp37-cp37m-manylinux_2_5_i686.manylinux1_i686.whl", hash = "sha256:e7cf940af5fee00a92e281eb157abe8770227a5255207818ea9a34e54a29f5b2"},
    {file = "kiwisolver-1.4.3-cp37-cp37m-manylinux_2_5_x86_64.manylinux1_x86_64.whl", hash = "sha256:dd22085446f3eca990d12a0878eeb5199dc9553b2e71716bfe7bed9915a472ab"},
    {file = "kiwisolver-1.4.3-cp37-cp37m-win32.whl", hash = "sha256:d2578e5149ff49878934debfacf5c743fab49eca5ecdb983d0b218e1e554c498"},
    {file = "kiwisolver-1.4.3-cp37-cp37m-win_amd64.whl", hash = "sha256:5fb73cc8a34baba1dfa546ae83b9c248ef6150c238b06fc53d2773685b67ec67"},
    {file = "kiwisolver-1.4.3-cp38-cp38-macosx_10_9_universal2.whl", hash = "sha256:f70f3d028794e31cf9d1a822914efc935aadb2438ec4e8d4871d95eb1ce032d6"},
    {file = "kiwisolver-1.4.3-cp38-cp38-macosx_10_9_x86_64.whl", hash = "sha256:71af5b43e4fa286a35110fc5bb740fdeae2b36ca79fbcf0a54237485baeee8be"},
    {file = "kiwisolver-1.4.3-cp38-cp38-macosx_11_0_arm64.whl", hash = "sha256:26b5a70bdab09e6a2f40babc4f8f992e3771751e144bda1938084c70d3001c09"},
    {file = "kiwisolver-1.4.3-cp38-cp38-manylinux_2_17_aarch64.manylinux2014_aarch64.whl", hash = "sha256:1858ad3cb686eccc7c6b7c5eac846a1cfd45aacb5811b2cf575e80b208f5622a"},
    {file = "kiwisolver-1.4.3-cp38-cp38-manylinux_2_17_ppc64le.manylinux2014_ppc64le.whl", hash = "sha256:4dc350cb65fe4e3f737d50f0465fa6ea0dcae0e5722b7edf5d5b0a0e3cd2c3c7"},
    {file = "kiwisolver-1.4.3-cp38-cp38-manylinux_2_17_s390x.manylinux2014_s390x.whl", hash = "sha256:007799c7fa934646318fc128b033bb6e6baabe7fbad521bfb2279aac26225cd7"},
    {file = "kiwisolver-1.4.3-cp38-cp38-manylinux_2_5_i686.manylinux1_i686.whl", hash = "sha256:46fb56fde006b7ef5f8eaa3698299b0ea47444238b869ff3ced1426aa9fedcb5"},
    {file = "kiwisolver-1.4.3-cp38-cp38-manylinux_2_5_x86_64.manylinux1_x86_64.whl", hash = "sha256:b9eb88593159a53a5ee0b0159daee531ff7dd9c87fa78f5d807ca059c7eb1b2b"},
    {file = "kiwisolver-1.4.3-cp38-cp38-win32.whl", hash = "sha256:3b1dcbc49923ac3c973184a82832e1f018dec643b1e054867d04a3a22255ec6a"},
    {file = "kiwisolver-1.4.3-cp38-cp38-win_amd64.whl", hash = "sha256:7118ca592d25b2957ff7b662bc0fe4f4c2b5d5b27814b9b1bc9f2fb249a970e7"},
    {file = "kiwisolver-1.4.3-cp39-cp39-macosx_10_9_universal2.whl", hash = "sha256:747190fcdadc377263223f8f72b038381b3b549a8a3df5baf4d067da4749b046"},
    {file = "kiwisolver-1.4.3-cp39-cp39-macosx_10_9_x86_64.whl", hash = "sha256:fd628e63ffdba0112e3ddf1b1e9f3db29dd8262345138e08f4938acbc6d0805a"},
    {file = "kiwisolver-1.4.3-cp39-cp39-macosx_11_0_arm64.whl", hash = "sha256:22ccba48abae827a0f952a78a7b1a7ff01866131e5bbe1f826ce9bda406bf051"},
    {file = "kiwisolver-1.4.3-cp39-cp39-manylinux_2_12_i686.manylinux2010_i686.whl", hash = "sha256:af24b21c2283ca69c416a8a42cde9764dc36c63d3389645d28c69b0e93db3cd7"},
    {file = "kiwisolver-1.4.3-cp39-cp39-manylinux_2_12_x86_64.manylinux2010_x86_64.whl", hash = "sha256:547111ef7cf13d73546c2de97ce434935626c897bdec96a578ca100b5fcd694b"},
    {file = "kiwisolver-1.4.3-cp39-cp39-manylinux_2_17_aarch64.manylinux2014_aarch64.whl", hash = "sha256:84f85adfebd7d3c3db649efdf73659e1677a2cf3fa6e2556a3f373578af14bf7"},
    {file = "kiwisolver-1.4.3-cp39-cp39-manylinux_2_17_ppc64le.manylinux2014_ppc64le.whl", hash = "sha256:ffd7cf165ff71afb202b3f36daafbf298932bee325aac9f58e1c9cd55838bef0"},
    {file = "kiwisolver-1.4.3-cp39-cp39-manylinux_2_17_s390x.manylinux2014_s390x.whl", hash = "sha256:6b3136eecf7e1b4a4d23e4b19d6c4e7a8e0b42d55f30444e3c529700cdacaa0d"},
    {file = "kiwisolver-1.4.3-cp39-cp39-win32.whl", hash = "sha256:46c6e5018ba31d5ee7582f323d8661498a154dea1117486a571db4c244531f24"},
    {file = "kiwisolver-1.4.3-cp39-cp39-win_amd64.whl", hash = "sha256:8395064d63b26947fa2c9faeea9c3eee35e52148c5339c37987e1d96fbf009b3"},
    {file = "kiwisolver-1.4.3-pp37-pypy37_pp73-manylinux_2_12_i686.manylinux2010_i686.whl", hash = "sha256:325fa1b15098e44fe4590a6c5c09a212ca10c6ebb5d96f7447d675f6c8340e4e"},
    {file = "kiwisolver-1.4.3-pp37-pypy37_pp73-manylinux_2_12_x86_64.manylinux2010_x86_64.whl", hash = "sha256:654280c5f41831ddcc5a331c0e3ce2e480bbc3d7c93c18ecf6236313aae2d61a"},
    {file = "kiwisolver-1.4.3-pp37-pypy37_pp73-manylinux_2_17_aarch64.manylinux2014_aarch64.whl", hash = "sha256:1ae7aa0784aeadfbd693c27993727792fbe1455b84d49970bad5886b42976b18"},
    {file = "kiwisolver-1.4.3-pp37-pypy37_pp73-win_amd64.whl", hash = "sha256:130c6c35eded399d3967cf8a542c20b671f5ba85bd6f210f8b939f868360e9eb"},
    {file = "kiwisolver-1.4.3.tar.gz", hash = "sha256:ab8a15c2750ae8d53e31f77a94f846d0a00772240f1c12817411fa2344351f86"},
]
matplotlib = []
mypy-extensions = [
    {file = "mypy_extensions-0.4.3-py2.py3-none-any.whl", hash = "sha256:090fedd75945a69ae91ce1303b5824f428daf5a028d2f6ab8a299250a846f15d"},
    {file = "mypy_extensions-0.4.3.tar.gz", hash = "sha256:2d82818f5bb3e369420cb3c4060a7970edba416647068eb4c5343488a6c604a8"},
]
numpy = [
    {file = "numpy-1.22.2-cp310-cp310-macosx_10_14_x86_64.whl", hash = "sha256:515a8b6edbb904594685da6e176ac9fbea8f73a5ebae947281de6613e27f1956"},
    {file = "numpy-1.22.2-cp310-cp310-macosx_11_0_arm64.whl", hash = "sha256:76a4f9bce0278becc2da7da3b8ef854bed41a991f4226911a24a9711baad672c"},
    {file = "numpy-1.22.2-cp310-cp310-manylinux_2_17_aarch64.manylinux2014_aarch64.whl", hash = "sha256:168259b1b184aa83a514f307352c25c56af111c269ffc109d9704e81f72e764b"},
    {file = "numpy-1.22.2-cp310-cp310-manylinux_2_17_x86_64.manylinux2014_x86_64.whl", hash = "sha256:3556c5550de40027d3121ebbb170f61bbe19eb639c7ad0c7b482cd9b560cd23b"},
    {file = "numpy-1.22.2-cp310-cp310-win_amd64.whl", hash = "sha256:aafa46b5a39a27aca566198d3312fb3bde95ce9677085efd02c86f7ef6be4ec7"},
    {file = "numpy-1.22.2-cp38-cp38-macosx_10_14_x86_64.whl", hash = "sha256:55535c7c2f61e2b2fc817c5cbe1af7cb907c7f011e46ae0a52caa4be1f19afe2"},
    {file = "numpy-1.22.2-cp38-cp38-macosx_11_0_arm64.whl", hash = "sha256:60cb8e5933193a3cc2912ee29ca331e9c15b2da034f76159b7abc520b3d1233a"},
    {file = "numpy-1.22.2-cp38-cp38-manylinux_2_17_aarch64.manylinux2014_aarch64.whl", hash = "sha256:0b536b6840e84c1c6a410f3a5aa727821e6108f3454d81a5cd5900999ef04f89"},
    {file = "numpy-1.22.2-cp38-cp38-manylinux_2_17_x86_64.manylinux2014_x86_64.whl", hash = "sha256:2638389562bda1635b564490d76713695ff497242a83d9b684d27bb4a6cc9d7a"},
    {file = "numpy-1.22.2-cp38-cp38-win32.whl", hash = "sha256:6767ad399e9327bfdbaa40871be4254d1995f4a3ca3806127f10cec778bd9896"},
    {file = "numpy-1.22.2-cp38-cp38-win_amd64.whl", hash = "sha256:03ae5850619abb34a879d5f2d4bb4dcd025d6d8fb72f5e461dae84edccfe129f"},
    {file = "numpy-1.22.2-cp39-cp39-macosx_10_14_x86_64.whl", hash = "sha256:d76a26c5118c4d96e264acc9e3242d72e1a2b92e739807b3b69d8d47684b6677"},
    {file = "numpy-1.22.2-cp39-cp39-macosx_11_0_arm64.whl", hash = "sha256:15efb7b93806d438e3bc590ca8ef2f953b0ce4f86f337ef4559d31ec6cf9d7dd"},
    {file = "numpy-1.22.2-cp39-cp39-manylinux_2_17_aarch64.manylinux2014_aarch64.whl", hash = "sha256:badca914580eb46385e7f7e4e426fea6de0a37b9e06bec252e481ae7ec287082"},
    {file = "numpy-1.22.2-cp39-cp39-manylinux_2_17_x86_64.manylinux2014_x86_64.whl", hash = "sha256:94dd11d9f13ea1be17bac39c1942f527cbf7065f94953cf62dfe805653da2f8f"},
    {file = "numpy-1.22.2-cp39-cp39-win32.whl", hash = "sha256:8cf33634b60c9cef346663a222d9841d3bbbc0a2f00221d6bcfd0d993d5543f6"},
    {file = "numpy-1.22.2-cp39-cp39-win_amd64.whl", hash = "sha256:59153979d60f5bfe9e4c00e401e24dfe0469ef8da6d68247439d3278f30a180f"},
    {file = "numpy-1.22.2-pp38-pypy38_pp73-manylinux_2_17_x86_64.manylinux2014_x86_64.whl", hash = "sha256:4a176959b6e7e00b5a0d6f549a479f869829bfd8150282c590deee6d099bbb6e"},
    {file = "numpy-1.22.2.zip", hash = "sha256:076aee5a3763d41da6bef9565fdf3cb987606f567cd8b104aded2b38b7b47abf"},
]
packaging = [
    {file = "packaging-21.3-py3-none-any.whl", hash = "sha256:ef103e05f519cdc783ae24ea4e2e0f508a9c99b2d4969652eed6a2e1ea5bd522"},
    {file = "packaging-21.3.tar.gz", hash = "sha256:dd47c42927d89ab911e606518907cc2d3a1f38bbd026385970643f9c5b8ecfeb"},
]
pathspec = [
    {file = "pathspec-0.9.0-py2.py3-none-any.whl", hash = "sha256:7d15c4ddb0b5c802d161efc417ec1a2558ea2653c2e8ad9c19098201dc1c993a"},
    {file = "pathspec-0.9.0.tar.gz", hash = "sha256:e564499435a2673d586f6b2130bb5b95f04a3ba06f81b8f895b651a3c76aabb1"},
]
pillow = []
platformdirs = [
    {file = "platformdirs-2.5.2-py3-none-any.whl", hash = "sha256:027d8e83a2d7de06bbac4e5ef7e023c02b863d7ea5d079477e722bb41ab25788"},
    {file = "platformdirs-2.5.2.tar.gz", hash = "sha256:58c8abb07dcb441e6ee4b11d8df0ac856038f944ab98b7be6b27b2a3c7feef19"},
]
pyparsing = [
    {file = "pyparsing-3.0.9-py3-none-any.whl", hash = "sha256:5026bae9a10eeaefb61dab2f09052b9f4307d44aee4eda64b309723d8d206bbc"},
    {file = "pyparsing-3.0.9.tar.gz", hash = "sha256:2b020ecf7d21b687f219b71ecad3631f644a47f01403fa1d1036b0c6416d70fb"},
]
python-dateutil = [
    {file = "python-dateutil-2.8.2.tar.gz", hash = "sha256:0123cacc1627ae19ddf3c27a5de5bd67ee4586fbdd6440d9748f8abb483d3e86"},
    {file = "python_dateutil-2.8.2-py2.py3-none-any.whl", hash = "sha256:961d03dc3453ebbc59dbdea9e4e11c5651520a876d0f4db161e8674aae935da9"},
]
setuptools-scm = []
six = [
    {file = "six-1.16.0-py2.py3-none-any.whl", hash = "sha256:8abb2f1d86890a2dfb989f9a77cfcfd3e47c2a354b01111771326f8aa26e0254"},
    {file = "six-1.16.0.tar.gz", hash = "sha256:1e61c37477a1626458e36f7b1d82aa5c9b094fa4802892072e49de9c60c4c926"},
]
tomli = [
    {file = "tomli-2.0.1-py3-none-any.whl", hash = "sha256:939de3e7a6161af0c887ef91b7d41a53e7c5a1ca976325f429cb46ea9bc30ecc"},
    {file = "tomli-2.0.1.tar.gz", hash = "sha256:de526c12914f0c550d15924c62d72abc48d6fe7364aa87328337a31007fe8a4f"},
]
tqdm = []
typing-extensions = []
